
Microsoft Visual Studio Solution File, Format Version 12.00
# Visual Studio 15
VisualStudioVersion = 15.0.26124.0
MinimumVisualStudioVersion = 15.0.26124.0
Project("{FAE04EC0-301F-11D3-BF4B-00C04F79EFBC}") = "GenericRepository", "GenericRepository\GenericRepository.csproj", "{312FC545-C603-4C03-BF4C-1A1B0CB2F358}"
EndProject
Project("{FAE04EC0-301F-11D3-BF4B-00C04F79EFBC}") = "GenericRepository.Tests", "GenericRepository.Tests\GenericRepository.Tests.csproj", "{47B0CB7D-D11F-4E2C-A08B-524EB91F163A}"
EndProject
Global
	GlobalSection(SolutionConfigurationPlatforms) = preSolution
		Debug|Any CPU = Debug|Any CPU
		Debug|x64 = Debug|x64
		Debug|x86 = Debug|x86
		Release|Any CPU = Release|Any CPU
		Release|x64 = Release|x64
		Release|x86 = Release|x86
	EndGlobalSection
	GlobalSection(SolutionProperties) = preSolution
		HideSolutionNode = FALSE
	EndGlobalSection
	GlobalSection(ProjectConfigurationPlatforms) = postSolution
		{312FC545-C603-4C03-BF4C-1A1B0CB2F358}.Debug|Any CPU.ActiveCfg = Debug|Any CPU
		{312FC545-C603-4C03-BF4C-1A1B0CB2F358}.Debug|Any CPU.Build.0 = Debug|Any CPU
		{312FC545-C603-4C03-BF4C-1A1B0CB2F358}.Debug|x64.ActiveCfg = Debug|Any CPU
		{312FC545-C603-4C03-BF4C-1A1B0CB2F358}.Debug|x64.Build.0 = Debug|Any CPU
		{312FC545-C603-4C03-BF4C-1A1B0CB2F358}.Debug|x86.ActiveCfg = Debug|Any CPU
		{312FC545-C603-4C03-BF4C-1A1B0CB2F358}.Debug|x86.Build.0 = Debug|Any CPU
		{312FC545-C603-4C03-BF4C-1A1B0CB2F358}.Release|Any CPU.ActiveCfg = Release|Any CPU
		{312FC545-C603-4C03-BF4C-1A1B0CB2F358}.Release|Any CPU.Build.0 = Release|Any CPU
		{312FC545-C603-4C03-BF4C-1A1B0CB2F358}.Release|x64.ActiveCfg = Release|Any CPU
		{312FC545-C603-4C03-BF4C-1A1B0CB2F358}.Release|x64.Build.0 = Release|Any CPU
		{312FC545-C603-4C03-BF4C-1A1B0CB2F358}.Release|x86.ActiveCfg = Release|Any CPU
		{312FC545-C603-4C03-BF4C-1A1B0CB2F358}.Release|x86.Build.0 = Release|Any CPU
		{47B0CB7D-D11F-4E2C-A08B-524EB91F163A}.Debug|Any CPU.ActiveCfg = Debug|Any CPU
		{47B0CB7D-D11F-4E2C-A08B-524EB91F163A}.Debug|Any CPU.Build.0 = Debug|Any CPU
		{47B0CB7D-D11F-4E2C-A08B-524EB91F163A}.Debug|x64.ActiveCfg = Debug|Any CPU
		{47B0CB7D-D11F-4E2C-A08B-524EB91F163A}.Debug|x64.Build.0 = Debug|Any CPU
		{47B0CB7D-D11F-4E2C-A08B-524EB91F163A}.Debug|x86.ActiveCfg = Debug|Any CPU
		{47B0CB7D-D11F-4E2C-A08B-524EB91F163A}.Debug|x86.Build.0 = Debug|Any CPU
		{47B0CB7D-D11F-4E2C-A08B-524EB91F163A}.Release|Any CPU.ActiveCfg = Release|Any CPU
		{47B0CB7D-D11F-4E2C-A08B-524EB91F163A}.Release|Any CPU.Build.0 = Release|Any CPU
		{47B0CB7D-D11F-4E2C-A08B-524EB91F163A}.Release|x64.ActiveCfg = Release|Any CPU
		{47B0CB7D-D11F-4E2C-A08B-524EB91F163A}.Release|x64.Build.0 = Release|Any CPU
		{47B0CB7D-D11F-4E2C-A08B-524EB91F163A}.Release|x86.ActiveCfg = Release|Any CPU
		{47B0CB7D-D11F-4E2C-A08B-524EB91F163A}.Release|x86.Build.0 = Release|Any CPU
	EndGlobalSection
EndGlobal
